
Microsoft Visual Studio Solution File, Format Version 12.00
# Visual Studio Version 17
VisualStudioVersion = 17.5.33530.505
MinimumVisualStudioVersion = 10.0.40219.1
Project("{9A19103F-16F7-4668-BE54-9A1E7A4F7556}") = "Mybatis-Plus-Generator", "Mybatis-Plus-Generator\Mybatis-Plus-Generator.csproj", "{342A20F8-6F02-4010-AC5E-923648519D86}"
EndProject
Project("{9A19103F-16F7-4668-BE54-9A1E7A4F7556}") = "Mybatis-Plus-Generator.Core", "Mybatis-Plus-Generator.Core\Mybatis-Plus-Generator.Core.csproj", "{4EE3793D-C697-40C1-B9CB-60757BAC4AAE}"
EndProject
Project("{9A19103F-16F7-4668-BE54-9A1E7A4F7556}") = "Mybatis-Plus-Generator.Definition", "Mybatis-Plus-Generator.Definition\Mybatis-Plus-Generator.Definition.csproj", "{4DF07664-40DE-4A36-9ED8-13B2FD930A07}"
EndProject
Project("{2150E333-8FDC-42A3-9474-1A3956D46DE8}") = "jar", "jar", "{72E5FF53-FC33-4CF9-A42F-73907B1B02BD}"
	ProjectSection(SolutionItems) = preProject
		jar\mybatis-plus-generator-3.5.3.1.jar = jar\mybatis-plus-generator-3.5.3.1.jar
	EndProjectSection
EndProject
Project("{FAE04EC0-301F-11D3-BF4B-00C04F79EFBC}") = "Mybatis-Plus-Generator.Test", "Mybatis-Plus-Generator.Test\Mybatis-Plus-Generator.Test.csproj", "{64665B55-3BC2-46E4-AE77-747E80F914C6}"
EndProject
Global
	GlobalSection(SolutionConfigurationPlatforms) = preSolution
		Debug|Any CPU = Debug|Any CPU
		Release|Any CPU = Release|Any CPU
	EndGlobalSection
	GlobalSection(ProjectConfigurationPlatforms) = postSolution
		{342A20F8-6F02-4010-AC5E-923648519D86}.Debug|Any CPU.ActiveCfg = Debug|Any CPU
		{342A20F8-6F02-4010-AC5E-923648519D86}.Debug|Any CPU.Build.0 = Debug|Any CPU
		{342A20F8-6F02-4010-AC5E-923648519D86}.Release|Any CPU.ActiveCfg = Release|Any CPU
		{342A20F8-6F02-4010-AC5E-923648519D86}.Release|Any CPU.Build.0 = Release|Any CPU
		{4EE3793D-C697-40C1-B9CB-60757BAC4AAE}.Debug|Any CPU.ActiveCfg = Debug|Any CPU
		{4EE3793D-C697-40C1-B9CB-60757BAC4AAE}.Debug|Any CPU.Build.0 = Debug|Any CPU
		{4EE3793D-C697-40C1-B9CB-60757BAC4AAE}.Release|Any CPU.ActiveCfg = Release|Any CPU
		{4EE3793D-C697-40C1-B9CB-60757BAC4AAE}.Release|Any CPU.Build.0 = Release|Any CPU
		{4DF07664-40DE-4A36-9ED8-13B2FD930A07}.Debug|Any CPU.ActiveCfg = Debug|Any CPU
		{4DF07664-40DE-4A36-9ED8-13B2FD930A07}.Debug|Any CPU.Build.0 = Debug|Any CPU
		{4DF07664-40DE-4A36-9ED8-13B2FD930A07}.Release|Any CPU.ActiveCfg = Release|Any CPU
		{4DF07664-40DE-4A36-9ED8-13B2FD930A07}.Release|Any CPU.Build.0 = Release|Any CPU
		{64665B55-3BC2-46E4-AE77-747E80F914C6}.Debug|Any CPU.ActiveCfg = Debug|Any CPU
		{64665B55-3BC2-46E4-AE77-747E80F914C6}.Debug|Any CPU.Build.0 = Debug|Any CPU
		{64665B55-3BC2-46E4-AE77-747E80F914C6}.Release|Any CPU.ActiveCfg = Release|Any CPU
		{64665B55-3BC2-46E4-AE77-747E80F914C6}.Release|Any CPU.Build.0 = Release|Any CPU
	EndGlobalSection
	GlobalSection(SolutionProperties) = preSolution
		HideSolutionNode = FALSE
	EndGlobalSection
	GlobalSection(ExtensibilityGlobals) = postSolution
		SolutionGuid = {F6D306C4-B845-40B1-9A0E-63867AD4E121}
	EndGlobalSection
EndGlobal
